
Microsoft Visual Studio Solution File, Format Version 12.00
# Visual Studio Version 16
VisualStudioVersion = 16.0.29209.62
MinimumVisualStudioVersion = 10.0.40219.1
Project("{9A19103F-16F7-4668-BE54-9A1E7A4F7556}") = "SV.CQRS.Domain", "SV.CQRS.Domain\SV.CQRS.Domain.csproj", "{B8C342AF-83B4-4DEB-ACE4-D3D4FAB4D031}"
EndProject
Project("{FAE04EC0-301F-11D3-BF4B-00C04F79EFBC}") = "SV.CQRS.Api", "SV.CQRS.Api\SV.CQRS.Api.csproj", "{5561BEF2-A8FE-443C-A1BB-4F9520862ABA}"
EndProject
Global
	GlobalSection(SolutionConfigurationPlatforms) = preSolution
		Debug|Any CPU = Debug|Any CPU
		Release|Any CPU = Release|Any CPU
	EndGlobalSection
	GlobalSection(ProjectConfigurationPlatforms) = postSolution
		{B8C342AF-83B4-4DEB-ACE4-D3D4FAB4D031}.Debug|Any CPU.ActiveCfg = Debug|Any CPU
		{B8C342AF-83B4-4DEB-ACE4-D3D4FAB4D031}.Debug|Any CPU.Build.0 = Debug|Any CPU
		{B8C342AF-83B4-4DEB-ACE4-D3D4FAB4D031}.Release|Any CPU.ActiveCfg = Release|Any CPU
		{B8C342AF-83B4-4DEB-ACE4-D3D4FAB4D031}.Release|Any CPU.Build.0 = Release|Any CPU
		{5561BEF2-A8FE-443C-A1BB-4F9520862ABA}.Debug|Any CPU.ActiveCfg = Debug|Any CPU
		{5561BEF2-A8FE-443C-A1BB-4F9520862ABA}.Debug|Any CPU.Build.0 = Debug|Any CPU
		{5561BEF2-A8FE-443C-A1BB-4F9520862ABA}.Release|Any CPU.ActiveCfg = Release|Any CPU
		{5561BEF2-A8FE-443C-A1BB-4F9520862ABA}.Release|Any CPU.Build.0 = Release|Any CPU
	EndGlobalSection
	GlobalSection(SolutionProperties) = preSolution
		HideSolutionNode = FALSE
	EndGlobalSection
	GlobalSection(ExtensibilityGlobals) = postSolution
		SolutionGuid = {EAAAEA28-831B-4920-8D68-A3D7FA03EF94}
	EndGlobalSection
EndGlobal
